
Microsoft Visual Studio Solution File, Format Version 12.00
# Visual Studio Version 17
VisualStudioVersion = 17.9.34728.123
MinimumVisualStudioVersion = 10.0.40219.1
Project("{9A19103F-16F7-4668-BE54-9A1E7A4F7556}") = "goapp.application", "goapp.application\goapp.application.csproj", "{AE8D7211-8CD0-49ED-BB5B-964BA43F5DEF}"
EndProject
Project("{FAE04EC0-301F-11D3-BF4B-00C04F79EFBC}") = "goapp.infrastructure", "goapp.infrastructure\goapp.infrastructure.csproj", "{09B6CAA1-BE98-4BB4-9238-592125BF9D33}"
EndProject
Project("{FAE04EC0-301F-11D3-BF4B-00C04F79EFBC}") = "goapp.domain", "goapp.domain\goapp.domain.csproj", "{60863BD8-6414-4C92-849E-ECE275BC7B58}"
EndProject
Project("{FAE04EC0-301F-11D3-BF4B-00C04F79EFBC}") = "goapp.webApi", "goapp.webApi\goapp.webApi.csproj", "{E0C65522-728C-4EFD-A90E-67E4D2C4255D}"
EndProject
Global
	GlobalSection(SolutionConfigurationPlatforms) = preSolution
		Debug|Any CPU = Debug|Any CPU
		Release|Any CPU = Release|Any CPU
	EndGlobalSection
	GlobalSection(ProjectConfigurationPlatforms) = postSolution
		{AE8D7211-8CD0-49ED-BB5B-964BA43F5DEF}.Debug|Any CPU.ActiveCfg = Debug|Any CPU
		{AE8D7211-8CD0-49ED-BB5B-964BA43F5DEF}.Debug|Any CPU.Build.0 = Debug|Any CPU
		{AE8D7211-8CD0-49ED-BB5B-964BA43F5DEF}.Release|Any CPU.ActiveCfg = Release|Any CPU
		{AE8D7211-8CD0-49ED-BB5B-964BA43F5DEF}.Release|Any CPU.Build.0 = Release|Any CPU
		{09B6CAA1-BE98-4BB4-9238-592125BF9D33}.Debug|Any CPU.ActiveCfg = Debug|Any CPU
		{09B6CAA1-BE98-4BB4-9238-592125BF9D33}.Debug|Any CPU.Build.0 = Debug|Any CPU
		{09B6CAA1-BE98-4BB4-9238-592125BF9D33}.Release|Any CPU.ActiveCfg = Release|Any CPU
		{09B6CAA1-BE98-4BB4-9238-592125BF9D33}.Release|Any CPU.Build.0 = Release|Any CPU
		{60863BD8-6414-4C92-849E-ECE275BC7B58}.Debug|Any CPU.ActiveCfg = Debug|Any CPU
		{60863BD8-6414-4C92-849E-ECE275BC7B58}.Debug|Any CPU.Build.0 = Debug|Any CPU
		{60863BD8-6414-4C92-849E-ECE275BC7B58}.Release|Any CPU.ActiveCfg = Release|Any CPU
		{60863BD8-6414-4C92-849E-ECE275BC7B58}.Release|Any CPU.Build.0 = Release|Any CPU
		{E0C65522-728C-4EFD-A90E-67E4D2C4255D}.Debug|Any CPU.ActiveCfg = Debug|Any CPU
		{E0C65522-728C-4EFD-A90E-67E4D2C4255D}.Debug|Any CPU.Build.0 = Debug|Any CPU
		{E0C65522-728C-4EFD-A90E-67E4D2C4255D}.Release|Any CPU.ActiveCfg = Release|Any CPU
		{E0C65522-728C-4EFD-A90E-67E4D2C4255D}.Release|Any CPU.Build.0 = Release|Any CPU
	EndGlobalSection
	GlobalSection(SolutionProperties) = preSolution
		HideSolutionNode = FALSE
	EndGlobalSection
	GlobalSection(ExtensibilityGlobals) = postSolution
		SolutionGuid = {52D8878F-D408-4CD8-84F5-269D8DE661B2}
	EndGlobalSection
EndGlobal
